
Microsoft Visual Studio Solution File, Format Version 12.00
# Visual Studio Version 17
VisualStudioVersion = 17.4.33213.308
MinimumVisualStudioVersion = 10.0.40219.1
Project("{FAE04EC0-301F-11D3-BF4B-00C04F79EFBC}") = "Development", "Development.csproj", "{0E70CDD6-583F-41AE-BE66-7BB21D458713}"
EndProject
Global
	GlobalSection(SolutionConfigurationPlatforms) = preSolution
		Debug|Any CPU = Debug|Any CPU
		Release|Any CPU = Release|Any CPU
	EndGlobalSection
	GlobalSection(ProjectConfigurationPlatforms) = postSolution
		{0E70CDD6-583F-41AE-BE66-7BB21D458713}.Debug|Any CPU.ActiveCfg = Debug|Any CPU
		{0E70CDD6-583F-41AE-BE66-7BB21D458713}.Debug|Any CPU.Build.0 = Debug|Any CPU
		{0E70CDD6-583F-41AE-BE66-7BB21D458713}.Release|Any CPU.ActiveCfg = Release|Any CPU
		{0E70CDD6-583F-41AE-BE66-7BB21D458713}.Release|Any CPU.Build.0 = Release|Any CPU
	EndGlobalSection
	GlobalSection(SolutionProperties) = preSolution
		HideSolutionNode = FALSE
	EndGlobalSection
	GlobalSection(ExtensibilityGlobals) = postSolution
		SolutionGuid = {81D1F3BF-AFA2-46AB-8519-60134FBF9B60}
	EndGlobalSection
EndGlobal
